lockfileVersion: '9.0'

settings:
  autoInstallPeers: true
  excludeLinksFromLockfile: false

importers:

  .:
    devDependencies:
      prettier:
        specifier: ^3.3.3
        version: 3.3.3

  packages/prisma-rust-generator:
    dependencies:
      '@prisma/client':
        specifier: 3.12.0
        version: 3.12.0(prisma@3.12.0)
      '@prisma/generator-helper':
        specifier: 3.12.0
        version: 3.12.0
      prettier:
        specifier: 2.5.1
        version: 2.5.1
    devDependencies:
      '@types/node':
        specifier: 17.0.21
        version: 17.0.21
      prisma:
        specifier: 3.12.0
        version: 3.12.0
      typescript:
        specifier: 4.6.2
        version: 4.6.2

  packages/prisma-rust-test:
    devDependencies:
      '@types/node':
        specifier: 16.11.7
        version: 16.11.7
      prisma:
        specifier: ^5.17.0
        version: 5.17.0
      prisma-rust-generator:
        specifier: workspace:*
        version: link:../prisma-rust-generator
      typescript:
        specifier: 4.5.2
        version: 4.5.2

  services/database:
    dependencies:
      prisma:
        specifier: ^5.17.0
        version: 5.17.0

packages:

  '@prisma/client@3.12.0':
    resolution: {integrity: sha512-4NEQjUcWja/NVBvfuDFscWSk1/rXg3+wj+TSkqXCb1tKlx/bsUE00rxsvOvGg7VZ6lw1JFpGkwjwmsOIc4zvQw==}
    engines: {node: '>=12.6'}
    peerDependencies:
      prisma: '*'
    peerDependenciesMeta:
      prisma:
        optional: true

  '@prisma/debug@3.12.0':
    resolution: {integrity: sha512-MFNsK8jzao3VX+cEP6+txABa3w8bU4gD0QpqTbGS3v3TW1c7TtHvhsmI7xTx9Cll7biuJdaRd3YwG2Fa/CHVmA==}

  '@prisma/debug@5.17.0':
    resolution: {integrity: sha512-l7+AteR3P8FXiYyo496zkuoiJ5r9jLQEdUuxIxNCN1ud8rdbH3GTxm+f+dCyaSv9l9WY+29L9czaVRXz9mULfg==}

  '@prisma/engines-version@3.12.0-37.22b822189f46ef0dc5c5b503368d1bee01213980':
    resolution: {integrity: sha512-o+jo8d7ZEiVpcpNWUDh3fj2uPQpBxl79XE9ih9nkogJbhw6P33274SHnqheedZ7PyvPIK/mvU8MLNYgetgXPYw==}

  '@prisma/engines-version@5.17.0-31.393aa359c9ad4a4bb28630fb5613f9c281cde053':
    resolution: {integrity: sha512-tUuxZZysZDcrk5oaNOdrBnnkoTtmNQPkzINFDjz7eG6vcs9AVDmA/F6K5Plsb2aQc/l5M2EnFqn3htng9FA4hg==}

  '@prisma/engines@3.12.0-37.22b822189f46ef0dc5c5b503368d1bee01213980':
    resolution: {integrity: sha512-zULjkN8yhzS7B3yeEz4aIym4E2w1ChrV12i14pht3ePFufvsAvBSoZ+tuXMvfSoNTgBS5E4bolRzLbMmbwkkMQ==}

  '@prisma/engines@5.17.0':
    resolution: {integrity: sha512-+r+Nf+JP210Jur+/X8SIPLtz+uW9YA4QO5IXA+KcSOBe/shT47bCcRMTYCbOESw3FFYFTwe7vU6KTWHKPiwvtg==}

  '@prisma/fetch-engine@5.17.0':
    resolution: {integrity: sha512-ESxiOaHuC488ilLPnrv/tM2KrPhQB5TRris/IeIV4ZvUuKeaicCl4Xj/JCQeG9IlxqOgf1cCg5h5vAzlewN91Q==}

  '@prisma/generator-helper@3.12.0':
    resolution: {integrity: sha512-wfEcSVUX0HH0A/CIrsecV1CLH3McNCLH2A76UL7QpSX1XLoIDo6SxgMwAfXufNGDhPET6NAoWm8mSmDXJopgrw==}

  '@prisma/get-platform@5.17.0':
    resolution: {integrity: sha512-UlDgbRozCP1rfJ5Tlkf3Cnftb6srGrEQ4Nm3og+1Se2gWmCZ0hmPIi+tQikGDUVLlvOWx3Gyi9LzgRP+HTXV9w==}

  '@types/cross-spawn@6.0.2':
    resolution: {integrity: sha512-KuwNhp3eza+Rhu8IFI5HUXRP0LIhqH5cAjubUvGXXthh4YYBuP2ntwEX+Cz8GJoZUHlKo247wPWOfA9LYEq4cw==}

  '@types/debug@4.1.7':
    resolution: {integrity: sha512-9AonUzyTjXXhEOa0DnqpzZi6VHlqKMswga9EXjpXnnqxwLtdvPPtlO8evrI5D9S6asFRCQ6v+wpiUKbw+vKqyg==}

  '@types/ms@0.7.34':
    resolution: {integrity: sha512-nG96G3Wp6acyAgJqGasjODb+acrI7KltPiRxzHPXnP3NgI28bpQDRv53olbqGXbfcgF5aiiHmO3xpwEpS5Ld9g==}

  '@types/node@16.11.7':
    resolution: {integrity: sha512-QB5D2sqfSjCmTuWcBWyJ+/44bcjO7VbjSbOE0ucoVbAsSNQc4Lt6QkgkVXkTDwkL4z/beecZNDvVX15D4P8Jbw==}

  '@types/node@17.0.21':
    resolution: {integrity: sha512-DBZCJbhII3r90XbQxI8Y9IjjiiOGlZ0Hr32omXIZvwwZ7p4DMMXGrKXVyPfuoBOri9XNtL0UK69jYIBIsRX3QQ==}

  ansi-regex@5.0.1:
    resolution: {integrity: sha512-quJQXlTSUGL2LH9SUXo8VwsY4soanhgo6LNSm84E1LBcE8s3O0wpdiRzyR9z/ZZJMlMWv37qOOb9pdJlMUEKFQ==}
    engines: {node: '>=8'}

  ansi-styles@4.3.0:
    resolution: {integrity: sha512-zbB9rCJAT1rbjiVDb2hqKFHNYLxgtk8NURxZ3IZwD3F6NtxbXZQCnnSi1Lkx+IDohdPlFp222wVALIheZJQSEg==}
    engines: {node: '>=8'}

  chalk@4.1.2:
    resolution: {integrity: sha512-oKnbhFyRIXpUuez8iBMmyEa4nbj4IOQyuhc/wy9kY7/WVPcwIO9VA668Pu8RkO7+0G76SLROeyw9CpQ061i4mA==}
    engines: {node: '>=10'}

  color-convert@2.0.1:
    resolution: {integrity: sha512-RRECPsj7iu/xb5oKYcsFHSppFNnsj/52OVTRKb4zP5onXwVF3zVmmToNcOfGC+CRDpfK/U584fMg38ZHCaElKQ==}
    engines: {node: '>=7.0.0'}

  color-name@1.1.4:
    resolution: {integrity: sha512-dOy+3AuW3a2wNbZHIuMZpTcgjGuLU/uBL/ubcZF9OXbDo8ff4O8yVp5Bf0efS8uEoYo5q4Fx7dY9OgQGXgAsQA==}

  cross-spawn@7.0.3:
    resolution: {integrity: sha512-iRDPJKUPVEND7dHPO8rkbOnPpyDygcDFtWjpeWNCgy8WP2rXcxXL8TskReQl6OrB2G7+UJrags1q15Fudc7G6w==}
    engines: {node: '>= 8'}

  has-flag@4.0.0:
    resolution: {integrity: sha512-EykJT/Q1KjTWctppgIAgfSO0tKVuZUjhgMr17kqTumMl6Afv3EISleU7qZUzoXDFTAHTDC4NOoG/ZxU3EvlMPQ==}
    engines: {node: '>=8'}

  isexe@2.0.0:
    resolution: {integrity: sha512-RHxMLp9lnKHGHRng9QFhRCMbYAcVpn69smSGcq3f36xjgVVWThj4qqLbTLlq7Ssj8B+fIQ1EuCEGI2lKsyQeIw==}

  ms@2.1.3:
    resolution: {integrity: sha512-6FlzubTLZG3J2a/NVCAleEhjzq5oxgHyaCU9yYXvcLsvoVaHJq/s5xXI6/XXP6tz7R9xAOtHnSO/tXtF3WRTlA==}

  path-key@3.1.1:
    resolution: {integrity: sha512-ojmeN0qd+y0jszEtoY48r0Peq5dwMEkIlCOu6Q5f41lfkswXuKtYrhgoTpLnyIcHm24Uhqx+5Tqm2InSwLhE6Q==}
    engines: {node: '>=8'}

  prettier@2.5.1:
    resolution: {integrity: sha512-vBZcPRUR5MZJwoyi3ZoyQlc1rXeEck8KgeC9AwwOn+exuxLxq5toTRDTSaVrXHxelDMHy9zlicw8u66yxoSUFg==}
    engines: {node: '>=10.13.0'}
    hasBin: true

  prettier@3.3.3:
    resolution: {integrity: sha512-i2tDNA0O5IrMO757lfrdQZCc2jPNDVntV0m/+4whiDfWaTKfMNgR7Qz0NAeGz/nRqF4m5/6CLzbP4/liHt12Ew==}
    engines: {node: '>=14'}
    hasBin: true

  prisma@3.12.0:
    resolution: {integrity: sha512-ltCMZAx1i0i9xuPM692Srj8McC665h6E5RqJom999sjtVSccHSD8Z+HSdBN2183h9PJKvC5dapkn78dd0NWMBg==}
    engines: {node: '>=12.6'}
    hasBin: true

  prisma@5.17.0:
    resolution: {integrity: sha512-m4UWkN5lBE6yevqeOxEvmepnL5cNPEjzMw2IqDB59AcEV6w7D8vGljDLd1gPFH+W6gUxw9x7/RmN5dCS/WTPxA==}
    engines: {node: '>=16.13'}
    hasBin: true

  shebang-command@2.0.0:
    resolution: {integrity: sha512-kHxr2zZpYtdmrN1qDjrrX/Z1rR1kG8Dx+gkpK1G4eXmvXswmcE1hTWBWYUzlraYw1/yZp6YuDY77YtvbN0dmDA==}
    engines: {node: '>=8'}

  shebang-regex@3.0.0:
    resolution: {integrity: sha512-7++dFhtcx3353uBaq8DDR4NuxBetBzC7ZQOhmTQInHEd6bSrXdiEyzCvG07Z44UYdLShWUyXt5M/yhz8ekcb1A==}
    engines: {node: '>=8'}

  strip-ansi@6.0.1:
    resolution: {integrity: sha512-Y38VPSHcqkFrCpFnQ9vuSXmquuv5oXOKpGeT6aGrr3o3Gc9AlVa6JBfUSOCnbxGGZF+/0ooI7KrPuUSztUdU5A==}
    engines: {node: '>=8'}

  supports-color@7.2.0:
    resolution: {integrity: sha512-qpCAvRl9stuOHveKsn7HncJRvv501qIacKzQlO/+Lwxc9+0q2wLyv4Dfvt80/DPn2pqOBsJdDiogXGR9+OvwRw==}
    engines: {node: '>=8'}

  typescript@4.5.2:
    resolution: {integrity: sha512-5BlMof9H1yGt0P8/WF+wPNw6GfctgGjXp5hkblpyT+8rkASSmkUKMXrxR0Xg8ThVCi/JnHQiKXeBaEwCeQwMFw==}
    engines: {node: '>=4.2.0'}
    hasBin: true

  typescript@4.6.2:
    resolution: {integrity: sha512-HM/hFigTBHZhLXshn9sN37H085+hQGeJHJ/X7LpBWLID/fbc2acUMfU+lGD98X81sKP+pFa9f0DZmCwB9GnbAg==}
    engines: {node: '>=4.2.0'}
    hasBin: true

  which@2.0.2:
    resolution: {integrity: sha512-BLI3Tl1TW3Pvl70l3yq3Y64i+awpwXqsGBYWkkqMtnbXgrMD+yj7rhW0kuEDxzJaYXGjEW5ogapKNMEKNMjibA==}
    engines: {node: '>= 8'}
    hasBin: true

snapshots:

  '@prisma/client@3.12.0(prisma@3.12.0)':
    dependencies:
      '@prisma/engines-version': 3.12.0-37.22b822189f46ef0dc5c5b503368d1bee01213980
    optionalDependencies:
      prisma: 3.12.0

  '@prisma/debug@3.12.0':
    dependencies:
      '@types/debug': 4.1.7
      ms: 2.1.3
      strip-ansi: 6.0.1

  '@prisma/debug@5.17.0': {}

  '@prisma/engines-version@3.12.0-37.22b822189f46ef0dc5c5b503368d1bee01213980': {}

  '@prisma/engines-version@5.17.0-31.393aa359c9ad4a4bb28630fb5613f9c281cde053': {}

  '@prisma/engines@3.12.0-37.22b822189f46ef0dc5c5b503368d1bee01213980': {}

  '@prisma/engines@5.17.0':
    dependencies:
      '@prisma/debug': 5.17.0
      '@prisma/engines-version': 5.17.0-31.393aa359c9ad4a4bb28630fb5613f9c281cde053
      '@prisma/fetch-engine': 5.17.0
      '@prisma/get-platform': 5.17.0

  '@prisma/fetch-engine@5.17.0':
    dependencies:
      '@prisma/debug': 5.17.0
      '@prisma/engines-version': 5.17.0-31.393aa359c9ad4a4bb28630fb5613f9c281cde053
      '@prisma/get-platform': 5.17.0

  '@prisma/generator-helper@3.12.0':
    dependencies:
      '@prisma/debug': 3.12.0
      '@types/cross-spawn': 6.0.2
      chalk: 4.1.2
      cross-spawn: 7.0.3

  '@prisma/get-platform@5.17.0':
    dependencies:
      '@prisma/debug': 5.17.0

  '@types/cross-spawn@6.0.2':
    dependencies:
      '@types/node': 17.0.21

  '@types/debug@4.1.7':
    dependencies:
      '@types/ms': 0.7.34

  '@types/ms@0.7.34': {}

  '@types/node@16.11.7': {}

  '@types/node@17.0.21': {}

  ansi-regex@5.0.1: {}

  ansi-styles@4.3.0:
    dependencies:
      color-convert: 2.0.1

  chalk@4.1.2:
    dependencies:
      ansi-styles: 4.3.0
      supports-color: 7.2.0

  color-convert@2.0.1:
    dependencies:
      color-name: 1.1.4

  color-name@1.1.4: {}

  cross-spawn@7.0.3:
    dependencies:
      path-key: 3.1.1
      shebang-command: 2.0.0
      which: 2.0.2

  has-flag@4.0.0: {}

  isexe@2.0.0: {}

  ms@2.1.3: {}

  path-key@3.1.1: {}

  prettier@2.5.1: {}

  prettier@3.3.3: {}

  prisma@3.12.0:
    dependencies:
      '@prisma/engines': 3.12.0-37.22b822189f46ef0dc5c5b503368d1bee01213980

  prisma@5.17.0:
    dependencies:
      '@prisma/engines': 5.17.0

  shebang-command@2.0.0:
    dependencies:
      shebang-regex: 3.0.0

  shebang-regex@3.0.0: {}

  strip-ansi@6.0.1:
    dependencies:
      ansi-regex: 5.0.1

  supports-color@7.2.0:
    dependencies:
      has-flag: 4.0.0

  typescript@4.5.2: {}

  typescript@4.6.2: {}

  which@2.0.2:
    dependencies:
      isexe: 2.0.0
